{
  "meteor": {
    "git": "https://github.com/tmeasday/meteor.git",
    "branch": "model-support",
    "commit": "cbab3390c4fd1c82d80978e9840eb3cf3aed45bd"
  },
  "dependencies": {
    "basePackages": {
      "models": {},
      "fork-me": {},
      "crypto-md5": {}
    },
    "packages": {
      "models": {
        "git": "https://github.com/tmeasday/meteor-models.git",
        "tag": "v0.1.1",
        "commit": "310606a6bbc12c8c5394323e035fe7db441e2ca6"
      },
      "fork-me": {
        "git": "https://github.com/possibilities/meteor-fork-me.git",
        "tag": "v0.0.2",
        "commit": "7a0e4043d482d157a5b5dc9eee69160d759d506e"
      },
      "crypto-md5": {
        "git": "https://github.com/tmeasday/meteor-crypto-md5.git",
        "tag": "v0.0.1",
        "commit": "a0638a6cabfc84e19f2d5828f76aa8f6a0cc8c1a"
      },
      "crypto-base": {
        "git": "https://github.com/tmeasday/meteor-crypto-base.git",
        "tag": "v0.0.1",
        "commit": "668fc710ad041eee6ae2f9b53289128f211aa9e0"
      }
    }
  }
}
