{
  "meteor": {
    "git": "https://github.com/tmeasday/meteor.git",
    "branch": "auth-model-support",
    "commit": "2f544e96860f6e1b7800a2309d3b2b6f20dfdffc"
  },
  "dependencies": {
    "basePackages": {
      "models": {
        "path": "../../meteor/meteor-models"
      },
      "recorder": {
        "path": "../../meteor/meteor-recorder"
      }
    },
    "packages": {
      "models": {
        "path": "../../meteor/meteor-models"
      },
      "recorder": {
        "path": "../../meteor/meteor-recorder"
      },
      "deps-extensions": {
        "git": "https://github.com/tmeasday/meteor-deps-extensions.git",
        "tag": "v0.1.0",
        "commit": "110462c0ba33aaeb35e55069134287325cc453e5"
      }
    }
  }
}
