{
  "meteor": {
    "git": "https://github.com/tmeasday/meteor.git",
    "branch": "model-support",
    "commit": "6b675d62efa04a62caf153da5e61249e0420516a"
  },
  "dependencies": {
    "basePackages": {
      "models": {},
      "recorder": {}
    },
    "packages": {
      "models": {
        "git": "https://github.com/tmeasday/meteor-models.git",
        "tag": "v0.1.1",
        "commit": "310606a6bbc12c8c5394323e035fe7db441e2ca6"
      },
      "recorder": {
        "git": "https://github.com/tmeasday/meteor-recorder.git",
        "tag": "v0.2.0",
        "commit": "6c1853e4560320029e449c97b74eea5e3ecfaa3b"
      },
      "deps-extensions": {
        "git": "https://github.com/tmeasday/meteor-deps-extensions.git",
        "tag": "v0.1.0",
        "commit": "110462c0ba33aaeb35e55069134287325cc453e5"
      }
    }
  }
}
